{
  "name": "dev-env-nodejs.nix",
  "version": "0.0.0",
  "lockfileVersion": 1,
  "requires": true,
  "dependencies": {
    "accepts": {
      "version": "1.3.8",
      "resolved": "https://mirrors.tencent.com/npm/accepts/-/accepts-1.3.8.tgz",
      "integrity": "sha512-PYAthTa2m2VKxuvSD3DPC/Gy+U+sOA1LAuT8mkmRuvw+NACSaeXEQ+NHcVF7rONl6qcaxV3Uuemwawk+7+SJLw==",
      "dev": true,
      "requires": {
        "mime-types": "~2.1.34",
        "negotiator": "0.6.3"
      }
    },
    "adm-zip": {
      "version": "0.5.9",
      "resolved": "https://mirrors.tencent.com/npm/adm-zip/-/adm-zip-0.5.9.tgz",
      "integrity": "sha512-s+3fXLkeeLjZ2kLjCBwQufpI5fuN+kIGBxu6530nVQZGVol0d7Y/M88/xw9HGGUcJjKf8LutN3VPRUBq6N7Ajg==",
      "dev": true
    },
    "append-field": {
      "version": "1.0.0",
      "resolved": "https://mirrors.tencent.com/npm/append-field/-/append-field-1.0.0.tgz",
      "integrity": "sha1-HjRA6RXwsSA9I3SOeO3XubW0PlY=",
      "dev": true
    },
    "array-flatten": {
      "version": "1.1.1",
      "resolved": "https://mirrors.tencent.com/npm/array-flatten/-/array-flatten-1.1.1.tgz",
      "integrity": "sha1-ml9pkFGx5wczKPKgCJaLZOopVdI=",
      "dev": true
    },
    "async-limiter": {
      "version": "2.0.0",
      "resolved": "https://mirrors.tencent.com/npm/async-limiter/-/async-limiter-2.0.0.tgz",
      "integrity": "sha512-nyHFzvVaR+4mfHc90/VqOUQjlnk9+ioDxQfqDuqKnm3m9sIT7joVKW8dkxeaKpamMJ3MYD73t6M8PMKEWlQESQ==",
      "dev": true
    },
    "balanced-match": {
      "version": "1.0.2",
      "resolved": "https://mirrors.tencent.com/npm/balanced-match/-/balanced-match-1.0.2.tgz",
      "integrity": "sha512-3oSeUO0TMV67hN1AmbXsK4yaqU7tjiHlbxRDZOpH0KW9+CeX4bRAaX0Anxt0tx2MrpRpWwQaPwIlISEJhYU5Pw==",
      "dev": true
    },
    "basic-auth": {
      "version": "1.0.0",
      "resolved": "https://mirrors.tencent.com/npm/basic-auth/-/basic-auth-1.0.0.tgz",
      "integrity": "sha1-ERstn/jk5tE2uMhOpeCWy4c1Fjc=",
      "dev": true
    },
    "body-parser": {
      "version": "1.20.0",
      "resolved": "https://mirrors.tencent.com/npm/body-parser/-/body-parser-1.20.0.tgz",
      "integrity": "sha512-DfJ+q6EPcGKZD1QWUjSpqp+Q7bDQTsQIF4zfUAtZ6qk+H/3/QRhg9CEp39ss+/T2vw0+HaidC0ecJj/DRLIaKg==",
      "dev": true,
      "requires": {
        "bytes": "3.1.2",
        "content-type": "~1.0.4",
        "debug": "2.6.9",
        "depd": "2.0.0",
        "destroy": "1.2.0",
        "http-errors": "2.0.0",
        "iconv-lite": "0.4.24",
        "on-finished": "2.4.1",
        "qs": "6.10.3",
        "raw-body": "2.5.1",
        "type-is": "~1.6.18",
        "unpipe": "1.0.0"
      }
    },
    "brace-expansion": {
      "version": "1.1.11",
      "resolved": "https://mirrors.tencent.com/npm/brace-expansion/-/brace-expansion-1.1.11.tgz",
      "integrity": "sha512-iCuPHDFgrHX7H2vEI/5xpz07zSHB00TpugqhmYtVmMO6518mCuRMoOYFldEBl0g187ufozdaHgWKcYFb61qGiA==",
      "dev": true,
      "requires": {
        "balanced-match": "^1.0.0",
        "concat-map": "0.0.1"
      }
    },
    "buffer-from": {
      "version": "1.1.2",
      "resolved": "https://mirrors.tencent.com/npm/buffer-from/-/buffer-from-1.1.2.tgz",
      "integrity": "sha512-E+XQCRwSbaaiChtv6k6Dwgc+bx+Bs6vuKJHHl5kox/BaKbhiXzqQOwK4cO22yElGp2OCmjwVhT3HmxgyPGnJfQ==",
      "dev": true
    },
    "bytes": {
      "version": "3.1.2",
      "resolved": "https://mirrors.tencent.com/npm/bytes/-/bytes-3.1.2.tgz",
      "integrity": "sha512-/Nf7TyzTx6S3yRJObOAV7956r8cr2+Oj8AC5dt8wSP3BQAoeX58NoHyCU8P8zGkNXStjTSi6fzO6F0pBdcYbEg==",
      "dev": true
    },
    "call-bind": {
      "version": "1.0.2",
      "resolved": "https://mirrors.tencent.com/npm/call-bind/-/call-bind-1.0.2.tgz",
      "integrity": "sha512-7O+FbCihrB5WGbFYesctwmTKae6rOiIzmz1icreWJ+0aA7LJfuqhEso2T9ncpcFtzMQtzXf2QGGueWJGTYsqrA==",
      "dev": true,
      "requires": {
        "function-bind": "^1.1.1",
        "get-intrinsic": "^1.0.2"
      }
    },
    "colors": {
      "version": "1.1.2",
      "resolved": "http://mirrors.tencent.com/npm/colors/-/colors-1.1.2.tgz",
      "integrity": "sha1-FopHAXVran9RoSzgyXv6KMCE7WM=",
      "dev": true
    },
    "commander": {
      "version": "2.7.1",
      "resolved": "https://mirrors.tencent.com/npm/commander/-/commander-2.7.1.tgz",
      "integrity": "sha1-XUGaK77Swy7j5Nypu0Wrg+zDBlo=",
      "dev": true,
      "requires": {
        "graceful-readlink": ">= 1.0.0"
      }
    },
    "concat-map": {
      "version": "0.0.1",
      "resolved": "https://mirrors.tencent.com/npm/concat-map/-/concat-map-0.0.1.tgz",
      "integrity": "sha1-2Klr13/Wjfd5OnMDajug1UBdR3s=",
      "dev": true
    },
    "concat-stream": {
      "version": "1.6.2",
      "resolved": "https://mirrors.tencent.com/npm/concat-stream/-/concat-stream-1.6.2.tgz",
      "integrity": "sha512-27HBghJxjiZtIk3Ycvn/4kbJk/1uZuJFfuPEns6LaEvpvG1f0hTea8lilrouyo9mVc2GWdcEZ8OLoGmSADlrCw==",
      "dev": true,
      "requires": {
        "buffer-from": "^1.0.0",
        "inherits": "^2.0.3",
        "readable-stream": "^2.2.2",
        "typedarray": "^0.0.6"
      },
      "dependencies": {
        "readable-stream": {
          "version": "2.3.7",
          "resolved": "https://mirrors.tencent.com/npm/readable-stream/-/readable-stream-2.3.7.tgz",
          "integrity": "sha512-Ebho8K4jIbHAxnuxi7o42OrZgF/ZTNcsZj6nRKyUmkhLFq8CHItp/fy6hQZuZmP/n3yZ9VBUbp4zz/mX8hmYPw==",
          "dev": true,
          "requires": {
            "core-util-is": "~1.0.0",
            "inherits": "~2.0.3",
            "isarray": "~1.0.0",
            "process-nextick-args": "~2.0.0",
            "safe-buffer": "~5.1.1",
            "string_decoder": "~1.1.1",
            "util-deprecate": "~1.0.1"
          }
        },
        "safe-buffer": {
          "version": "5.1.2",
          "resolved": "https://mirrors.tencent.com/npm/safe-buffer/-/safe-buffer-5.1.2.tgz",
          "integrity": "sha512-Gd2UZBJDkXlY7GbJxfsE8/nvKkUEU1G38c1siN6QP6a9PT9MmHB8GnpscSmMJSoF8LOIrt8ud/wPtojys4G6+g==",
          "dev": true
        }
      }
    },
    "content-disposition": {
      "version": "0.5.4",
      "resolved": "https://mirrors.tencent.com/npm/content-disposition/-/content-disposition-0.5.4.tgz",
      "integrity": "sha512-FveZTNuGw04cxlAiWbzi6zTAL/lhehaWbTtgluJh4/E95DqMwTmha3KZN1aAWA8cFIhHzMZUvLevkw5Rqk+tSQ==",
      "dev": true,
      "requires": {
        "safe-buffer": "5.2.1"
      }
    },
    "content-type": {
      "version": "1.0.4",
      "resolved": "https://mirrors.tencent.com/npm/content-type/-/content-type-1.0.4.tgz",
      "integrity": "sha512-hIP3EEPs8tB9AT1L+NUqtwOAps4mk2Zob89MWXMHjHWg9milF/j4osnnQLXBCBFBk/tvIG/tUc9mOUJiPBhPXA==",
      "dev": true
    },
    "cookie": {
      "version": "0.3.1",
      "resolved": "https://mirrors.tencent.com/npm/cookie/-/cookie-0.3.1.tgz",
      "integrity": "sha1-5+Ch+e9DtMi6klxcWpboBtFoc7s=",
      "dev": true
    },
    "cookie-signature": {
      "version": "1.0.6",
      "resolved": "https://mirrors.tencent.com/npm/cookie-signature/-/cookie-signature-1.0.6.tgz",
      "integrity": "sha1-4wOogrNCzD7oylE6eZmXNNqzriw=",
      "dev": true
    },
    "core-util-is": {
      "version": "1.0.3",
      "resolved": "https://mirrors.tencent.com/npm/core-util-is/-/core-util-is-1.0.3.tgz",
      "integrity": "sha512-ZQBvi1DcpJ4GDqanjucZ2Hj3wEO5pZDS89BWbkcrvdxksJorwUDDZamX9ldFkp9aw2lmBDLgkObEA4DWNJ9FYQ==",
      "dev": true
    },
    "data-uri-to-buffer": {
      "version": "4.0.0",
      "resolved": "https://mirrors.tencent.com/npm/data-uri-to-buffer/-/data-uri-to-buffer-4.0.0.tgz",
      "integrity": "sha512-Vr3mLBA8qWmcuschSLAOogKgQ/Jwxulv3RNE4FXnYWRGujzrRWQI4m12fQqRkwX06C0KanhLr4hK+GydchZsaA=="
    },
    "debug": {
      "version": "2.6.9",
      "resolved": "https://mirrors.tencent.com/npm/debug/-/debug-2.6.9.tgz",
      "integrity": "sha512-bC7ElrdJaJnPbAP+1EotYvqZsb3ecl5wi6Bfi6BJTUcNowp6cvspg0jXznRTKDjm/E7AdgFBVeAPVMNcKGsHMA==",
      "dev": true,
      "requires": {
        "ms": "2.0.0"
      }
    },
    "depd": {
      "version": "2.0.0",
      "resolved": "https://mirrors.tencent.com/npm/depd/-/depd-2.0.0.tgz",
      "integrity": "sha512-g7nH6P6dyDioJogAAGprGpCtVImJhpPk/roCzdb3fIh61/s/nPsfR6onyMwkCAR/OlC3yBC0lESvUoQEAssIrw==",
      "dev": true
    },
    "destroy": {
      "version": "1.2.0",
      "resolved": "https://mirrors.tencent.com/npm/destroy/-/destroy-1.2.0.tgz",
      "integrity": "sha512-2sJGJTaXIIaR1w4iJSNoN0hnMY7Gpc/n8D4qSCJw8QqFWXf7cuAgnEHxBpweaVcPevC2l3KpjYCx3NypQQgaJg==",
      "dev": true
    },
    "ee-first": {
      "version": "1.1.1",
      "resolved": "https://mirrors.tencent.com/npm/ee-first/-/ee-first-1.1.1.tgz",
      "integrity": "sha1-WQxhFWsK4vTwJVcyoViyZrxWsh0=",
      "dev": true
    },
    "encodeurl": {
      "version": "1.0.2",
      "resolved": "https://mirrors.tencent.com/npm/encodeurl/-/encodeurl-1.0.2.tgz",
      "integrity": "sha1-rT/0yG7C0CkyL1oCw6mmBslbP1k=",
      "dev": true
    },
    "errorhandler": {
      "version": "1.5.1",
      "resolved": "https://mirrors.tencent.com/npm/errorhandler/-/errorhandler-1.5.1.tgz",
      "integrity": "sha512-rcOwbfvP1WTViVoUjcfZicVzjhjTuhSMntHh6mW3IrEiyE6mJyXvsToJUJGlGlw/2xU9P5whlWNGlIDVeCiT4A==",
      "dev": true,
      "requires": {
        "accepts": "~1.3.7",
        "escape-html": "~1.0.3"
      }
    },
    "escape-html": {
      "version": "1.0.3",
      "resolved": "https://mirrors.tencent.com/npm/escape-html/-/escape-html-1.0.3.tgz",
      "integrity": "sha1-Aljq5NPQwJdN4cFpGI7wBR0dGYg=",
      "dev": true
    },
    "etag": {
      "version": "1.8.1",
      "resolved": "https://mirrors.tencent.com/npm/etag/-/etag-1.8.1.tgz",
      "integrity": "sha1-Qa4u62XvpiJorr/qg6x9eSmbCIc=",
      "dev": true
    },
    "express": {
      "version": "4.18.1",
      "resolved": "https://mirrors.tencent.com/npm/express/-/express-4.18.1.tgz",
      "integrity": "sha512-zZBcOX9TfehHQhtupq57OF8lFZ3UZi08Y97dwFCkD8p9d/d2Y3M+ykKcwaMDEL+4qyUolgBDX6AblpR3fL212Q==",
      "dev": true,
      "requires": {
        "accepts": "~1.3.8",
        "array-flatten": "1.1.1",
        "body-parser": "1.20.0",
        "content-disposition": "0.5.4",
        "content-type": "~1.0.4",
        "cookie": "0.5.0",
        "cookie-signature": "1.0.6",
        "debug": "2.6.9",
        "depd": "2.0.0",
        "encodeurl": "~1.0.2",
        "escape-html": "~1.0.3",
        "etag": "~1.8.1",
        "finalhandler": "1.2.0",
        "fresh": "0.5.2",
        "http-errors": "2.0.0",
        "merge-descriptors": "1.0.1",
        "methods": "~1.1.2",
        "on-finished": "2.4.1",
        "parseurl": "~1.3.3",
        "path-to-regexp": "0.1.7",
        "proxy-addr": "~2.0.7",
        "qs": "6.10.3",
        "range-parser": "~1.2.1",
        "safe-buffer": "5.2.1",
        "send": "0.18.0",
        "serve-static": "1.15.0",
        "setprototypeof": "1.2.0",
        "statuses": "2.0.1",
        "type-is": "~1.6.18",
        "utils-merge": "1.0.1",
        "vary": "~1.1.2"
      },
      "dependencies": {
        "cookie": {
          "version": "0.5.0",
          "resolved": "https://mirrors.tencent.com/npm/cookie/-/cookie-0.5.0.tgz",
          "integrity": "sha512-YZ3GUyn/o8gfKJlnlX7g7xq4gyO6OSuhGPKaaGssGB2qgDUS0gPgtTvoyZLTt9Ab6dC4hfc9dV5arkvc/OCmrw==",
          "dev": true
        }
      }
    },
    "extend": {
      "version": "3.0.2",
      "resolved": "https://mirrors.tencent.com/npm/extend/-/extend-3.0.2.tgz",
      "integrity": "sha512-fjquC59cD7CyW6urNXK0FBufkZcoiGG80wTuPujX590cB5Ttln20E2UB4S/WARVqhXffZl2LNgS+gQdPIIim/g==",
      "dev": true
    },
    "fetch-blob": {
      "version": "3.2.0",
      "resolved": "https://mirrors.tencent.com/npm/fetch-blob/-/fetch-blob-3.2.0.tgz",
      "integrity": "sha512-7yAQpD2UMJzLi1Dqv7qFYnPbaPx7ZfFK6PiIxQ4PfkGPyNyl2Ugx+a/umUonmKqjhM4DnfbMvdX6otXq83soQQ==",
      "requires": {
        "node-domexception": "^1.0.0",
        "web-streams-polyfill": "^3.0.3"
      }
    },
    "finalhandler": {
      "version": "1.2.0",
      "resolved": "https://mirrors.tencent.com/npm/finalhandler/-/finalhandler-1.2.0.tgz",
      "integrity": "sha512-5uXcUVftlQMFnWC9qu/svkWv3GTd2PfUhK/3PLkYNAe7FbqJMt3515HaxE6eRL74GdsriiwujiawdaB1BpEISg==",
      "dev": true,
      "requires": {
        "debug": "2.6.9",
        "encodeurl": "~1.0.2",
        "escape-html": "~1.0.3",
        "on-finished": "2.4.1",
        "parseurl": "~1.3.3",
        "statuses": "2.0.1",
        "unpipe": "~1.0.0"
      }
    },
    "formdata-polyfill": {
      "version": "4.0.10",
      "resolved": "https://mirrors.tencent.com/npm/formdata-polyfill/-/formdata-polyfill-4.0.10.tgz",
      "integrity": "sha512-buewHzMvYL29jdeQTVILecSaZKnt/RJWjoZCF5OW60Z67/GmSLBkOFM7qh1PI3zFNtJbaZL5eQu1vLfazOwj4g==",
      "requires": {
        "fetch-blob": "^3.1.2"
      }
    },
    "forwarded": {
      "version": "0.2.0",
      "resolved": "https://mirrors.tencent.com/npm/forwarded/-/forwarded-0.2.0.tgz",
      "integrity": "sha512-buRG0fpBtRHSTCOASe6hD258tEubFoRLb4ZNA6NxMVHNw2gOcwHo9wyablzMzOA5z9xA9L1KNjk/Nt6MT9aYow==",
      "dev": true
    },
    "fresh": {
      "version": "0.5.2",
      "resolved": "https://mirrors.tencent.com/npm/fresh/-/fresh-0.5.2.tgz",
      "integrity": "sha1-PYyt2Q2XZWn6g1qx+OSyOhBWBac=",
      "dev": true
    },
    "fs-extra2": {
      "version": "1.0.0",
      "resolved": "https://mirrors.tencent.com/npm/fs-extra2/-/fs-extra2-1.0.0.tgz",
      "integrity": "sha1-gmbj7W2i41PJaW0KRcamhLebCV4=",
      "dev": true,
      "requires": {
        "graceful-fs": "^4.1.2",
        "jsonfile": "^2.1.0",
        "path-is-absolute": "^1.0.0",
        "rimraf": "^2.2.8"
      }
    },
    "fs.realpath": {
      "version": "1.0.0",
      "resolved": "https://mirrors.tencent.com/npm/fs.realpath/-/fs.realpath-1.0.0.tgz",
      "integrity": "sha1-FQStJSMVjKpA20onh8sBQRmU6k8=",
      "dev": true
    },
    "function-bind": {
      "version": "1.1.1",
      "resolved": "https://mirrors.tencent.com/npm/function-bind/-/function-bind-1.1.1.tgz",
      "integrity": "sha512-yIovAzMX49sF8Yl58fSCWJ5svSLuaibPxXQJFLmBObTuCr0Mf1KiPopGM9NiFjiYBCbfaa2Fh6breQ6ANVTI0A==",
      "dev": true
    },
    "get-intrinsic": {
      "version": "1.1.3",
      "resolved": "https://mirrors.tencent.com/npm/get-intrinsic/-/get-intrinsic-1.1.3.tgz",
      "integrity": "sha512-QJVz1Tj7MS099PevUG5jvnt9tSkXN8K14dxQlikJuPt4uD9hHAHjLyLBiLR5zELelBdD9QNRAXZzsJx0WaDL9A==",
      "dev": true,
      "requires": {
        "function-bind": "^1.1.1",
        "has": "^1.0.3",
        "has-symbols": "^1.0.3"
      }
    },
    "glob": {
      "version": "7.2.3",
      "resolved": "https://mirrors.tencent.com/npm/glob/-/glob-7.2.3.tgz",
      "integrity": "sha512-nFR0zLpU2YCaRxwoCJvL6UvCH2JFyFVIvwTLsIf21AuHlMskA1hhTdk+LlYJtOlYt9v6dvszD2BGRqBL+iQK9Q==",
      "dev": true,
      "requires": {
        "fs.realpath": "^1.0.0",
        "inflight": "^1.0.4",
        "inherits": "2",
        "minimatch": "^3.1.1",
        "once": "^1.3.0",
        "path-is-absolute": "^1.0.0"
      }
    },
    "graceful-fs": {
      "version": "4.2.10",
      "resolved": "https://mirrors.tencent.com/npm/graceful-fs/-/graceful-fs-4.2.10.tgz",
      "integrity": "sha512-9ByhssR2fPVsNZj478qUUbKfmL0+t5BDVyjShtyZZLiK7ZDAArFFfopyOTj0M05wE2tJPisA4iTnnXl2YoPvOA==",
      "dev": true
    },
    "graceful-readlink": {
      "version": "1.0.1",
      "resolved": "https://mirrors.tencent.com/npm/graceful-readlink/-/graceful-readlink-1.0.1.tgz",
      "integrity": "sha1-TK+tdrxi8C+gObL5Tpo906ORpyU=",
      "dev": true
    },
    "hagent": {
      "version": "0.9.0",
      "resolved": "https://mirrors.tencent.com/npm/hagent/-/hagent-0.9.0.tgz",
      "integrity": "sha512-1eDyqa3lHDwn278hxhjU26ZDB1QT8002UF8Mnh6q6tMn42ZB01tFW0JxcMqabpPgmgu21JfXEXkQEHCACjjyRw==",
      "dev": true,
      "requires": {
        "q": "1.4.1",
        "safe-buffer": "^5.0.1"
      }
    },
    "has": {
      "version": "1.0.3",
      "resolved": "https://mirrors.tencent.com/npm/has/-/has-1.0.3.tgz",
      "integrity": "sha512-f2dvO0VU6Oej7RkWJGrehjbzMAjFp5/VKPp5tTpWIV4JHHZK1/BxbFRtf/siA2SWTe09caDmVtYYzWEIbBS4zw==",
      "dev": true,
      "requires": {
        "function-bind": "^1.1.1"
      }
    },
    "has-symbols": {
      "version": "1.0.3",
      "resolved": "https://mirrors.tencent.com/npm/has-symbols/-/has-symbols-1.0.3.tgz",
      "integrity": "sha512-l3LCuF6MgDNwTDKkdYGEihYjt5pRPbEg46rtlmnSPlUbgmB8LOIrKJbYYFBSbnPaJexMKtiPO8hmeRjRz2Td+A==",
      "dev": true
    },
    "hparser": {
      "version": "0.4.0",
      "resolved": "https://mirrors.tencent.com/npm/hparser/-/hparser-0.4.0.tgz",
      "integrity": "sha512-g8+qy7NhA+2CkiqQ7LqzRDPiiBJT2TqC7heFioA0Vi2W/WFDYvvtarD2g9QbRYhunkef1fOqb+sBikSL8BAvsg==",
      "dev": true,
      "requires": {
        "mime": "^1.6.0"
      }
    },
    "http-errors": {
      "version": "2.0.0",
      "resolved": "https://mirrors.tencent.com/npm/http-errors/-/http-errors-2.0.0.tgz",
      "integrity": "sha512-FtwrG/euBzaEjYeRqOgly7G0qviiXoJWnvEH2Z1plBdXgbyjv34pHTSb9zoeHMyDy33+DWy5Wt9Wo+TURtOYSQ==",
      "dev": true,
      "requires": {
        "depd": "2.0.0",
        "inherits": "2.0.4",
        "setprototypeof": "1.2.0",
        "statuses": "2.0.1",
        "toidentifier": "1.0.1"
      }
    },
    "iconv-lite": {
      "version": "0.4.24",
      "resolved": "https://mirrors.tencent.com/npm/iconv-lite/-/iconv-lite-0.4.24.tgz",
      "integrity": "sha512-v3MXnZAcvnywkTUEZomIActle7RXXeedOR31wwl7VlyoXO4Qi9arvSenNQWne1TcRwhCL1HwLI21bEqdpj8/rA==",
      "dev": true,
      "requires": {
        "safer-buffer": ">= 2.1.2 < 3"
      }
    },
    "inflight": {
      "version": "1.0.6",
      "resolved": "https://mirrors.tencent.com/npm/inflight/-/inflight-1.0.6.tgz",
      "integrity": "sha1-Sb1jMdfQLQwJvJEKEHW6gWW1bfk=",
      "dev": true,
      "requires": {
        "once": "^1.3.0",
        "wrappy": "1"
      }
    },
    "inherits": {
      "version": "2.0.4",
      "resolved": "https://mirrors.tencent.com/npm/inherits/-/inherits-2.0.4.tgz",
      "integrity": "sha512-k/vGaX4/Yla3WzyMCvTQOXYeIHvqOKtnqBduzTHpzpQZzAskKMhZ2K+EnBiSM9zGSoIFeMpXKxa4dYeZIQqewQ==",
      "dev": true
    },
    "ipaddr.js": {
      "version": "1.9.1",
      "resolved": "https://mirrors.tencent.com/npm/ipaddr.js/-/ipaddr.js-1.9.1.tgz",
      "integrity": "sha512-0KI/607xoxSToH7GjN1FfSbLoU0+btTicjsQSWQlh/hZykN8KpmMf7uYwPW3R+akZ6R/w18ZlXSHBYXiYUPO3g==",
      "dev": true
    },
    "isarray": {
      "version": "1.0.0",
      "resolved": "https://mirrors.tencent.com/npm/isarray/-/isarray-1.0.0.tgz",
      "integrity": "sha1-u5NdSFgsuhaMBoNJV6VKPgcSTxE=",
      "dev": true
    },
    "json5": {
      "version": "2.2.1",
      "resolved": "https://mirrors.tencent.com/npm/json5/-/json5-2.2.1.tgz",
      "integrity": "sha512-1hqLFMSrGHRHxav9q9gNjJ5EXznIxGVO09xQRrwplcS8qs28pZ8s8hupZAmqDwZUmVZ2Qb2jnyPOWcDH8m8dlA==",
      "dev": true
    },
    "jsonfile": {
      "version": "2.4.0",
      "resolved": "https://mirrors.tencent.com/npm/jsonfile/-/jsonfile-2.4.0.tgz",
      "integrity": "sha1-NzaitCi4e72gzIO1P6PWM6NcKug=",
      "dev": true,
      "requires": {
        "graceful-fs": "^4.1.6"
      }
    },
    "lru-cache": {
      "version": "4.1.5",
      "resolved": "https://mirrors.tencent.com/npm/lru-cache/-/lru-cache-4.1.5.tgz",
      "integrity": "sha512-sWZlbEP2OsHNkXrMl5GYk/jKk70MBng6UU4YI/qGDYbgf6YbP4EvmqISbXCoJiRKs+1bSpFHVgQxvJ17F2li5g==",
      "dev": true,
      "requires": {
        "pseudomap": "^1.0.2",
        "yallist": "^2.1.2"
      }
    },
    "media-typer": {
      "version": "0.3.0",
      "resolved": "https://mirrors.tencent.com/npm/media-typer/-/media-typer-0.3.0.tgz",
      "integrity": "sha1-hxDXrwqmJvj/+hzgAWhUUmMlV0g=",
      "dev": true
    },
    "merge-descriptors": {
      "version": "1.0.1",
      "resolved": "https://mirrors.tencent.com/npm/merge-descriptors/-/merge-descriptors-1.0.1.tgz",
      "integrity": "sha1-sAqqVW3YtEVoFQ7J0blT8/kMu2E=",
      "dev": true
    },
    "methods": {
      "version": "1.1.2",
      "resolved": "https://mirrors.tencent.com/npm/methods/-/methods-1.1.2.tgz",
      "integrity": "sha1-VSmk1nZUE07cxSZmVoNbD4Ua/O4=",
      "dev": true
    },
    "mime": {
      "version": "1.6.0",
      "resolved": "https://mirrors.tencent.com/npm/mime/-/mime-1.6.0.tgz",
      "integrity": "sha512-x0Vn8spI+wuJ1O6S7gnbaQg8Pxh4NNHb7KSINmEWKiPE4RKOplvijn+NkmYmmRgP68mc70j2EbeTFRsrswaQeg==",
      "dev": true
    },
    "mime-db": {
      "version": "1.52.0",
      "resolved": "https://mirrors.tencent.com/npm/mime-db/-/mime-db-1.52.0.tgz",
      "integrity": "sha512-sPU4uV7dYlvtWJxwwxHD0PuihVNiE7TyAbQ5SWxDCB9mUYvOgroQOwYQQOKPJ8CIbE+1ETVlOoK1UC2nU3gYvg==",
      "dev": true
    },
    "mime-types": {
      "version": "2.1.35",
      "resolved": "https://mirrors.tencent.com/npm/mime-types/-/mime-types-2.1.35.tgz",
      "integrity": "sha512-ZDY+bPm5zTTF+YpCrAU9nK0UgICYPT0QtT1NZWFv4s++TNkcgVaT0g6+4R2uI4MjQjzysHB1zxuWL50hzaeXiw==",
      "dev": true,
      "requires": {
        "mime-db": "1.52.0"
      }
    },
    "minimatch": {
      "version": "3.1.2",
      "resolved": "https://mirrors.tencent.com/npm/minimatch/-/minimatch-3.1.2.tgz",
      "integrity": "sha512-J7p63hRiAjw1NDEww1W7i37+ByIrOWO5XQQAzZ3VOcL0PNybwpfmV/N05zFAzwQ9USyEcX6t3UO+K5aqBQOIHw==",
      "dev": true,
      "requires": {
        "brace-expansion": "^1.1.7"
      }
    },
    "ms": {
      "version": "2.0.0",
      "resolved": "https://mirrors.tencent.com/npm/ms/-/ms-2.0.0.tgz",
      "integrity": "sha1-VgiurfwAvmwpAd9fmGF4jeDVl8g=",
      "dev": true
    },
    "multer2": {
      "version": "1.1.0",
      "resolved": "https://mirrors.tencent.com/npm/multer2/-/multer2-1.1.0.tgz",
      "integrity": "sha512-+YC2ODgFa13CSMgyrLL/Kgb7Quf6vSYafJi5sQEDhacOy6BjViuci6v7wNsPi+r6CI4HAut+/8AmGFYK/6gGJg==",
      "dev": true,
      "requires": {
        "append-field": "^1.0.0",
        "concat-stream": "^1.5.2",
        "fs-extra2": "^1.0.0",
        "object-assign": "^4.1.1",
        "on-finished": "^2.3.0",
        "readable-stream": "1.1.x",
        "streamsearch": "0.1.2",
        "type-is": "^1.6.4",
        "xtend": "^4.0.0"
      }
    },
    "negotiator": {
      "version": "0.6.3",
      "resolved": "https://mirrors.tencent.com/npm/negotiator/-/negotiator-0.6.3.tgz",
      "integrity": "sha512-+EUsqGPLsM+j/zdChZjsnX51g4XrHFOIXwfnCVPGlQk/k5giakcKsuxCObBRu6DSm9opw/O6slWbJdghQM4bBg==",
      "dev": true
    },
    "netmask": {
      "version": "2.0.2",
      "resolved": "https://mirrors.tencent.com/npm/netmask/-/netmask-2.0.2.tgz",
      "integrity": "sha512-dBpDMdxv9Irdq66304OLfEmQ9tbNRFnFTuZiLo+bD+r332bBmMJ8GBLXklIXXgxd3+v9+KUnZaUR5PJMa75Gsg==",
      "dev": true
    },
    "node-domexception": {
      "version": "1.0.0",
      "resolved": "https://mirrors.tencent.com/npm/node-domexception/-/node-domexception-1.0.0.tgz",
      "integrity": "sha512-/jKZoMpw0F8GRwl4/eLROPA3cfcXtLApP0QzLmUT/HuPCZWyB7IY9ZrMeKw2O/nFIqPQB3PVM9aYm0F312AXDQ=="
    },
    "node-fetch": {
      "version": "3.2.10",
      "resolved": "https://mirrors.tencent.com/npm/node-fetch/-/node-fetch-3.2.10.tgz",
      "integrity": "sha512-MhuzNwdURnZ1Cp4XTazr69K0BTizsBroX7Zx3UgDSVcZYKF/6p0CBe4EUb/hLqmzVhl0UpYfgRljQ4yxE+iCxA==",
      "requires": {
        "data-uri-to-buffer": "^4.0.0",
        "fetch-blob": "^3.1.4",
        "formdata-polyfill": "^4.0.10"
      }
    },
    "node-forge": {
      "version": "1.3.1",
      "resolved": "https://mirrors.tencent.com/npm/node-forge/-/node-forge-1.3.1.tgz",
      "integrity": "sha512-dPEtOeMvF9VMcYV/1Wb8CPoVAXtp6MKMlcbAt4ddqmGqUJ6fQZFXkNZNkNlfevtNkGtaSoXf/vNNNSvgrdXwtA==",
      "dev": true
    },
    "node-native-zip2": {
      "version": "1.0.0",
      "resolved": "https://mirrors.tencent.com/npm/node-native-zip2/-/node-native-zip2-1.0.0.tgz",
      "integrity": "sha1-4n9XqDgZZH5cvRaAmytoW2qsP0o=",
      "dev": true
    },
    "node-pac": {
      "version": "0.5.0",
      "resolved": "https://mirrors.tencent.com/npm/node-pac/-/node-pac-0.5.0.tgz",
      "integrity": "sha512-WtihiuKWay/T6QHfdjeRicdjxH8nqyrFbTH3sThgrlTX6ooucAkJcVUEU4Xz9gj7oCqthLsnoYtrALkzjk013w==",
      "dev": true,
      "requires": {
        "netmask": "^2.0.2"
      }
    },
    "object-assign": {
      "version": "4.1.1",
      "resolved": "https://mirrors.tencent.com/npm/object-assign/-/object-assign-4.1.1.tgz",
      "integrity": "sha1-IQmtx5ZYh8/AXLvUQsrIv7s2CGM=",
      "dev": true
    },
    "object-inspect": {
      "version": "1.12.2",
      "resolved": "https://mirrors.tencent.com/npm/object-inspect/-/object-inspect-1.12.2.tgz",
      "integrity": "sha512-z+cPxW0QGUp0mcqcsgQyLVRDoXFQbXOwBaqyF7VIgI4TWNQsDHrBpUQslRmIfAoYWdYzs6UlKJtB2XJpTaNSpQ==",
      "dev": true
    },
    "on-finished": {
      "version": "2.4.1",
      "resolved": "https://mirrors.tencent.com/npm/on-finished/-/on-finished-2.4.1.tgz",
      "integrity": "sha512-oVlzkg3ENAhCk2zdv7IJwd/QUD4z2RxRwpkcGY8psCVcCYZNq4wYnVWALHM+brtuJjePWiYF/ClmuDr8Ch5+kg==",
      "dev": true,
      "requires": {
        "ee-first": "1.1.1"
      }
    },
    "once": {
      "version": "1.4.0",
      "resolved": "https://mirrors.tencent.com/npm/once/-/once-1.4.0.tgz",
      "integrity": "sha1-WDsap3WWHUsROsF9nFC6753Xa9E=",
      "dev": true,
      "requires": {
        "wrappy": "1"
      }
    },
    "parseurl": {
      "version": "1.3.3",
      "resolved": "https://mirrors.tencent.com/npm/parseurl/-/parseurl-1.3.3.tgz",
      "integrity": "sha512-CiyeOxFT/JZyN5m0z9PfXw4SCBJ6Sygz1Dpl0wqjlhDEGGBP1GnsUVEL0p63hoG1fcj3fHynXi9NYO4nWOL+qQ==",
      "dev": true
    },
    "path-is-absolute": {
      "version": "1.0.1",
      "resolved": "https://mirrors.tencent.com/npm/path-is-absolute/-/path-is-absolute-1.0.1.tgz",
      "integrity": "sha1-F0uSaHNVNP+8es5r9TpanhtcX18=",
      "dev": true
    },
    "path-to-regexp": {
      "version": "0.1.7",
      "resolved": "https://mirrors.tencent.com/npm/path-to-regexp/-/path-to-regexp-0.1.7.tgz",
      "integrity": "sha1-32BBeABfUi8V60SQ5yR6G/qmf4w=",
      "dev": true
    },
    "pfork": {
      "version": "0.6.0",
      "resolved": "https://mirrors.tencent.com/npm/pfork/-/pfork-0.6.0.tgz",
      "integrity": "sha512-cYOUUW1YVkXvQkZUJ596k6bCMYZNkoDcm8Zkibf2GxJvKGp00FqwvRgAjxFNuyuAvLGetcGcoRMzb48RSuQofg==",
      "dev": true,
      "requires": {
        "q": "^1.4.1"
      }
    },
    "pipestream": {
      "version": "0.7.3",
      "resolved": "https://mirrors.tencent.com/npm/pipestream/-/pipestream-0.7.3.tgz",
      "integrity": "sha512-3h5YQAv2+tUiieo9UbAO3g6jfOFOBwPaNeiUc6pC3CKt5psARmfTjEO898vIbZpAvwjAP97btqaebuHcMGPQow==",
      "dev": true
    },
    "process-nextick-args": {
      "version": "2.0.1",
      "resolved": "https://mirrors.tencent.com/npm/process-nextick-args/-/process-nextick-args-2.0.1.tgz",
      "integrity": "sha512-3ouUOpQhtgrbOa17J7+uxOTpITYWaGP7/AhoR3+A+/1e9skrzelGi/dXzEYyvbxubEF6Wn2ypscTKiKJFFn1ag==",
      "dev": true
    },
    "proxy-addr": {
      "version": "2.0.7",
      "resolved": "https://mirrors.tencent.com/npm/proxy-addr/-/proxy-addr-2.0.7.tgz",
      "integrity": "sha512-llQsMLSUDUPT44jdrU/O37qlnifitDP+ZwrmmZcoSKyLKvtZxpyV0n2/bD/N4tBAAZ/gJEdZU7KMraoK1+XYAg==",
      "dev": true,
      "requires": {
        "forwarded": "0.2.0",
        "ipaddr.js": "1.9.1"
      }
    },
    "pseudomap": {
      "version": "1.0.2",
      "resolved": "https://mirrors.tencent.com/npm/pseudomap/-/pseudomap-1.0.2.tgz",
      "integrity": "sha1-8FKijacOYYkX7wqKw0wa5aaChrM=",
      "dev": true
    },
    "q": {
      "version": "1.4.1",
      "resolved": "https://mirrors.tencent.com/npm/q/-/q-1.4.1.tgz",
      "integrity": "sha1-VXBbzZPF82c1MMLCy8DCs63cKG4=",
      "dev": true
    },
    "qs": {
      "version": "6.10.3",
      "resolved": "https://mirrors.tencent.com/npm/qs/-/qs-6.10.3.tgz",
      "integrity": "sha512-wr7M2E0OFRfIfJZjKGieI8lBKb7fRCH4Fv5KNPEs7gJ8jadvotdsS08PzOKR7opXhZ/Xkjtt3WF9g38drmyRqQ==",
      "dev": true,
      "requires": {
        "side-channel": "^1.0.4"
      }
    },
    "range-parser": {
      "version": "1.2.1",
      "resolved": "https://mirrors.tencent.com/npm/range-parser/-/range-parser-1.2.1.tgz",
      "integrity": "sha512-Hrgsx+orqoygnmhFbKaHE6c296J+HTAQXoxEF6gNupROmmGJRoyzfG3ccAveqCBrwr/2yxQ5BVd/GTl5agOwSg==",
      "dev": true
    },
    "raw-body": {
      "version": "2.5.1",
      "resolved": "https://mirrors.tencent.com/npm/raw-body/-/raw-body-2.5.1.tgz",
      "integrity": "sha512-qqJBtEyVgS0ZmPGdCFPWJ3FreoqvG4MVQln/kCgF7Olq95IbOp0/BWyMwbdtn4VTvkM8Y7khCQ2Xgk/tcrCXig==",
      "dev": true,
      "requires": {
        "bytes": "3.1.2",
        "http-errors": "2.0.0",
        "iconv-lite": "0.4.24",
        "unpipe": "1.0.0"
      }
    },
    "readable-stream": {
      "version": "1.1.14",
      "resolved": "https://mirrors.tencent.com/npm/readable-stream/-/readable-stream-1.1.14.tgz",
      "integrity": "sha1-fPTFTvZI44EwhMY23SB54WbAgdk=",
      "dev": true,
      "requires": {
        "core-util-is": "~1.0.0",
        "inherits": "~2.0.1",
        "isarray": "0.0.1",
        "string_decoder": "~0.10.x"
      },
      "dependencies": {
        "isarray": {
          "version": "0.0.1",
          "resolved": "https://mirrors.tencent.com/npm/isarray/-/isarray-0.0.1.tgz",
          "integrity": "sha1-ihis/Kmo9Bd+Cav8YDiTmwXR7t8=",
          "dev": true
        },
        "string_decoder": {
          "version": "0.10.31",
          "resolved": "https://mirrors.tencent.com/npm/string_decoder/-/string_decoder-0.10.31.tgz",
          "integrity": "sha1-YuIDvEF2bGwoyfyEMB2rHFMQ+pQ=",
          "dev": true
        }
      }
    },
    "rimraf": {
      "version": "2.7.1",
      "resolved": "https://mirrors.tencent.com/npm/rimraf/-/rimraf-2.7.1.tgz",
      "integrity": "sha512-uWjbaKIK3T1OSVptzX7Nl6PvQ3qAGtKEtVRjRuazjfL3Bx5eI409VZSqgND+4UNnmzLVdPj9FqFJNPqBZFve4w==",
      "dev": true,
      "requires": {
        "glob": "^7.1.3"
      }
    },
    "safe-buffer": {
      "version": "5.2.1",
      "resolved": "https://mirrors.tencent.com/npm/safe-buffer/-/safe-buffer-5.2.1.tgz",
      "integrity": "sha512-rp3So07KcdmmKbGvgaNxQSJr7bGVSVk5S9Eq1F+ppbRo70+YeaDxkw5Dd8NPN+GD6bjnYm2VuPuCXmpuYvmCXQ==",
      "dev": true
    },
    "safer-buffer": {
      "version": "2.1.2",
      "resolved": "https://mirrors.tencent.com/npm/safer-buffer/-/safer-buffer-2.1.2.tgz",
      "integrity": "sha512-YZo3K82SD7Riyi0E1EQPojLz7kpepnSQI9IyPbHHg1XXXevb5dJI7tpyN2ADxGcQbHG7vcyRHk0cbwqcQriUtg==",
      "dev": true
    },
    "sax": {
      "version": "1.2.4",
      "resolved": "https://mirrors.tencent.com/npm/sax/-/sax-1.2.4.tgz",
      "integrity": "sha512-NqVDv9TpANUjFm0N8uM5GxL36UgKi9/atZw+x7YFnQ8ckwFGKrl4xX4yWtrey3UJm5nP1kUbnYgLopqWNSRhWw==",
      "dev": true
    },
    "send": {
      "version": "0.18.0",
      "resolved": "https://mirrors.tencent.com/npm/send/-/send-0.18.0.tgz",
      "integrity": "sha512-qqWzuOjSFOuqPjFe4NOsMLafToQQwBSOEpS+FwEt3A2V3vKubTquT3vmLTQpFgMXp8AlFWFuP1qKaJZOtPpVXg==",
      "dev": true,
      "requires": {
        "debug": "2.6.9",
        "depd": "2.0.0",
        "destroy": "1.2.0",
        "encodeurl": "~1.0.2",
        "escape-html": "~1.0.3",
        "etag": "~1.8.1",
        "fresh": "0.5.2",
        "http-errors": "2.0.0",
        "mime": "1.6.0",
        "ms": "2.1.3",
        "on-finished": "2.4.1",
        "range-parser": "~1.2.1",
        "statuses": "2.0.1"
      },
      "dependencies": {
        "ms": {
          "version": "2.1.3",
          "resolved": "https://mirrors.tencent.com/npm/ms/-/ms-2.1.3.tgz",
          "integrity": "sha512-6FlzubTLZG3J2a/NVCAleEhjzq5oxgHyaCU9yYXvcLsvoVaHJq/s5xXI6/XXP6tz7R9xAOtHnSO/tXtF3WRTlA==",
          "dev": true
        }
      }
    },
    "serve-favicon": {
      "version": "2.5.0",
      "resolved": "https://mirrors.tencent.com/npm/serve-favicon/-/serve-favicon-2.5.0.tgz",
      "integrity": "sha1-k10kDN/g9YBTB/3+ln2IlCosvPA=",
      "dev": true,
      "requires": {
        "etag": "~1.8.1",
        "fresh": "0.5.2",
        "ms": "2.1.1",
        "parseurl": "~1.3.2",
        "safe-buffer": "5.1.1"
      },
      "dependencies": {
        "ms": {
          "version": "2.1.1",
          "resolved": "https://mirrors.tencent.com/npm/ms/-/ms-2.1.1.tgz",
          "integrity": "sha512-tgp+dl5cGk28utYktBsrFqA7HKgrhgPsg6Z/EfhWI4gl1Hwq8B/GmY/0oXZ6nF8hDVesS/FpnYaD/kOWhYQvyg==",
          "dev": true
        },
        "safe-buffer": {
          "version": "5.1.1",
          "resolved": "https://mirrors.tencent.com/npm/safe-buffer/-/safe-buffer-5.1.1.tgz",
          "integrity": "sha512-kKvNJn6Mm93gAczWVJg7wH+wGYWNrDHdWvpUmHyEsgCtIwwo3bqPtV4tR5tuPaUhTOo/kvhVwd8XwwOllGYkbg==",
          "dev": true
        }
      }
    },
    "serve-static": {
      "version": "1.15.0",
      "resolved": "https://mirrors.tencent.com/npm/serve-static/-/serve-static-1.15.0.tgz",
      "integrity": "sha512-XGuRDNjXUijsUL0vl6nSD7cwURuzEgglbOaFuZM9g3kwDXOWVTck0jLzjPzGD+TazWbboZYu52/9/XPdUgne9g==",
      "dev": true,
      "requires": {
        "encodeurl": "~1.0.2",
        "escape-html": "~1.0.3",
        "parseurl": "~1.3.3",
        "send": "0.18.0"
      }
    },
    "set-global-proxy": {
      "version": "0.1.7",
      "resolved": "https://mirrors.tencent.com/npm/set-global-proxy/-/set-global-proxy-0.1.7.tgz",
      "integrity": "sha512-f6y5dWLXHvK62IJX0brWSCqU2iXbpBM4TNbqGQ+jwXhRjcj+epIpfu8cEN+r8z1F6VyS5H/efadIwI3aneg7sg==",
      "dev": true
    },
    "setprototypeof": {
      "version": "1.2.0",
      "resolved": "https://mirrors.tencent.com/npm/setprototypeof/-/setprototypeof-1.2.0.tgz",
      "integrity": "sha512-E5LDX7Wrp85Kil5bhZv46j8jOeboKq5JMmYM3gVGdGH8xFpPWXUMsNrlODCrkoxMEeNi/XZIwuRvY4XNwYMJpw==",
      "dev": true
    },
    "side-channel": {
      "version": "1.0.4",
      "resolved": "https://mirrors.tencent.com/npm/side-channel/-/side-channel-1.0.4.tgz",
      "integrity": "sha512-q5XPytqFEIKHkGdiMIrY10mvLRvnQh42/+GoBlFW3b2LXLE2xxJpZFdm94we0BaoV3RwJyGqg5wS7epxTv0Zvw==",
      "dev": true,
      "requires": {
        "call-bind": "^1.0.0",
        "get-intrinsic": "^1.0.2",
        "object-inspect": "^1.9.0"
      }
    },
    "sni": {
      "version": "1.0.0",
      "resolved": "https://mirrors.tencent.com/npm/sni/-/sni-1.0.0.tgz",
      "integrity": "sha1-b6Qr35d23i43zsYBIua+yD3wBvU=",
      "dev": true
    },
    "sockx": {
      "version": "0.2.0",
      "resolved": "https://mirrors.tencent.com/npm/sockx/-/sockx-0.2.0.tgz",
      "integrity": "sha512-vVCmnzhVCKRp5bu+uJmqbYoocX5qpC96PRiij0HzyEvk9N0E2ZVpuR/ffHweijAcWDBEHA0bYzZdkR1jUSiOcg==",
      "dev": true,
      "requires": {
        "safe-buffer": "^5.1.2"
      }
    },
    "starting": {
      "version": "8.0.1",
      "resolved": "https://mirrors.tencent.com/npm/starting/-/starting-8.0.1.tgz",
      "integrity": "sha512-lw4aX8PLHgIX1zu+JvZCHCNTK0urWveE3nbMzFhul5fDRvLg8ESKK3kDmnPyu6QX3ivXPpj+0ySxdOf+IGT0Mg==",
      "dev": true,
      "requires": {
        "commander": "2.7.1",
        "fs-extra2": "^1.0.0"
      }
    },
    "statuses": {
      "version": "2.0.1",
      "resolved": "https://mirrors.tencent.com/npm/statuses/-/statuses-2.0.1.tgz",
      "integrity": "sha512-RwNA9Z/7PrK06rYLIzFMlaF+l73iwpzsqRIFgbMLbTcLD6cOao82TaWefPXQvB2fOC4AjuYSEndS7N/mTCbkdQ==",
      "dev": true
    },
    "streamsearch": {
      "version": "0.1.2",
      "resolved": "https://mirrors.tencent.com/npm/streamsearch/-/streamsearch-0.1.2.tgz",
      "integrity": "sha1-gIudDlb8Jz2Am6VzOOkpkZoanxo=",
      "dev": true
    },
    "string_decoder": {
      "version": "1.1.1",
      "resolved": "https://mirrors.tencent.com/npm/string_decoder/-/string_decoder-1.1.1.tgz",
      "integrity": "sha512-n/ShnvDi6FHbbVfviro+WojiFzv+s8MPMHBczVePfUpDJLwoLT0ht1l4YwBCbi8pJAveEEdnkHyPyTP/mzRfwg==",
      "dev": true,
      "requires": {
        "safe-buffer": "~5.1.0"
      },
      "dependencies": {
        "safe-buffer": {
          "version": "5.1.2",
          "resolved": "https://mirrors.tencent.com/npm/safe-buffer/-/safe-buffer-5.1.2.tgz",
          "integrity": "sha512-Gd2UZBJDkXlY7GbJxfsE8/nvKkUEU1G38c1siN6QP6a9PT9MmHB8GnpscSmMJSoF8LOIrt8ud/wPtojys4G6+g==",
          "dev": true
        }
      }
    },
    "toidentifier": {
      "version": "1.0.1",
      "resolved": "https://mirrors.tencent.com/npm/toidentifier/-/toidentifier-1.0.1.tgz",
      "integrity": "sha512-o5sSPKEkg/DIQNmH43V0/uerLrpzVedkUh8tGNvaeXpfpuwjKenlSox/2O/BTlZUtEe+JG7s5YhEz608PlAHRA==",
      "dev": true
    },
    "type-is": {
      "version": "1.6.18",
      "resolved": "https://mirrors.tencent.com/npm/type-is/-/type-is-1.6.18.tgz",
      "integrity": "sha512-TkRKr9sUTxEH8MdfuCSP7VizJyzRNMjj2J2do2Jr3Kym598JVdEksuzPQCnlFPW4ky9Q+iA+ma9BGm06XQBy8g==",
      "dev": true,
      "requires": {
        "media-typer": "0.3.0",
        "mime-types": "~2.1.24"
      }
    },
    "typedarray": {
      "version": "0.0.6",
      "resolved": "https://mirrors.tencent.com/npm/typedarray/-/typedarray-0.0.6.tgz",
      "integrity": "sha1-hnrHTjhkGHsdPUfZlqeOxciDB3c=",
      "dev": true
    },
    "typescript": {
      "version": "4.8.3",
      "resolved": "https://mirrors.tencent.com/npm/typescript/-/typescript-4.8.3.tgz",
      "integrity": "sha512-goMHfm00nWPa8UvR/CPSvykqf6dVV8x/dp0c5mFTMTIu0u0FlGWRioyy7Nn0PGAdHxpJZnuO/ut+PpQ8UiHAig==",
      "dev": true
    },
    "underscore": {
      "version": "1.13.4",
      "resolved": "https://mirrors.tencent.com/npm/underscore/-/underscore-1.13.4.tgz",
      "integrity": "sha512-BQFnUDuAQ4Yf/cYY5LNrK9NCJFKriaRbD9uR1fTeXnBeoa97W0i41qkZfGO9pSo8I5KzjAcSY2XYtdf0oKd7KQ==",
      "dev": true
    },
    "unpipe": {
      "version": "1.0.0",
      "resolved": "https://mirrors.tencent.com/npm/unpipe/-/unpipe-1.0.0.tgz",
      "integrity": "sha1-sr9O6FFKrmFltIF4KdIbLvSZBOw=",
      "dev": true
    },
    "util-deprecate": {
      "version": "1.0.2",
      "resolved": "https://mirrors.tencent.com/npm/util-deprecate/-/util-deprecate-1.0.2.tgz",
      "integrity": "sha1-RQ1Nyfpw3nMnYvvS1KKJgUGaDM8=",
      "dev": true
    },
    "utils-merge": {
      "version": "1.0.1",
      "resolved": "https://mirrors.tencent.com/npm/utils-merge/-/utils-merge-1.0.1.tgz",
      "integrity": "sha1-n5VxD1CiZ5R7LMwSR0HBAoQn5xM=",
      "dev": true
    },
    "vary": {
      "version": "1.1.2",
      "resolved": "https://mirrors.tencent.com/npm/vary/-/vary-1.1.2.tgz",
      "integrity": "sha1-IpnwLG3tMNSllhsLn3RSShj2NPw=",
      "dev": true
    },
    "web-streams-polyfill": {
      "version": "3.2.1",
      "resolved": "https://mirrors.tencent.com/npm/web-streams-polyfill/-/web-streams-polyfill-3.2.1.tgz",
      "integrity": "sha512-e0MO3wdXWKrLbL0DgGnUV7WHVuw9OUvL4hjgnPkIeEvESk74gAITi5G606JtZPp39cd8HA9VQzCIvA49LpPN5Q=="
    },
    "weinre2": {
      "version": "1.3.2",
      "resolved": "https://mirrors.tencent.com/npm/weinre2/-/weinre2-1.3.2.tgz",
      "integrity": "sha512-Jr82fyMEBvVkNjUPa3CrotP9mhRLwWSs/wy8DhywtNPiK2HiW2OQRtBqm2Z8XMpsGe9j8lTUIt5wQe5IXBh3NA==",
      "dev": true,
      "requires": {
        "errorhandler": "^1.5.0",
        "express": "^4.17.1",
        "serve-favicon": "^2.4.3",
        "underscore": "^1.13.1"
      }
    },
    "whistle": {
      "version": "2.9.30",
      "resolved": "https://mirrors.tencent.com/npm/whistle/-/whistle-2.9.30.tgz",
      "integrity": "sha512-y5IKlSKv04Oe5TNFqmsSmWb3kNXiMujQDWA26DH7FHwvLAHGXyAd5bKpd412gHbUuGf9qfrRBVvHZ5sYsdv1TQ==",
      "dev": true,
      "requires": {
        "adm-zip": "0.5.9",
        "async-limiter": "2.0.0",
        "basic-auth": "1.0.0",
        "body-parser": "^1.19.0",
        "colors": "1.1.2",
        "cookie": "^0.3.1",
        "express": "^4.17.1",
        "extend": "^3.0.2",
        "fs-extra2": "^1.0.0",
        "hagent": "^0.9.0",
        "hparser": "^0.4.0",
        "iconv-lite": "^0.4.24",
        "json5": "^2.2.1",
        "lru-cache": "^4.1.1",
        "mime": "^1.6.0",
        "multer2": "^1.1.0",
        "node-forge": "^1.3.0",
        "node-native-zip2": "^1.0.0",
        "node-pac": "^0.5.0",
        "parseurl": "^1.3.1",
        "pfork": "^0.6.0",
        "pipestream": "^0.7.3",
        "q": "1.4.1",
        "safe-buffer": "^5.1.2",
        "set-global-proxy": "^0.1.7",
        "sni": "1.0.0",
        "sockx": "^0.2.0",
        "starting": "^8.0.1",
        "weinre2": "^1.3.2",
        "ws-parser": "^0.6.2",
        "xml2js": "^0.4.23"
      }
    },
    "wrappy": {
      "version": "1.0.2",
      "resolved": "https://mirrors.tencent.com/npm/wrappy/-/wrappy-1.0.2.tgz",
      "integrity": "sha1-tSQ9jz7BqjXxNkYFvA0QNuMKtp8=",
      "dev": true
    },
    "ws-parser": {
      "version": "0.6.2",
      "resolved": "https://mirrors.tencent.com/npm/ws-parser/-/ws-parser-0.6.2.tgz",
      "integrity": "sha512-WWmThKqMRYi3sGVOv2YWKmMK6Atmzhr6mj2KpkyZ+wx2XP9T2OH+ewhMr9sq3trSHSSE+TCcjSw0/QxBgCDu6g==",
      "dev": true,
      "requires": {
        "async-limiter": "2.0.0"
      }
    },
    "xml2js": {
      "version": "0.4.23",
      "resolved": "https://mirrors.tencent.com/npm/xml2js/-/xml2js-0.4.23.tgz",
      "integrity": "sha512-ySPiMjM0+pLDftHgXY4By0uswI3SPKLDw/i3UXbnO8M/p28zqexCUoPmQFrYD+/1BzhGJSs2i1ERWKJAtiLrug==",
      "dev": true,
      "requires": {
        "sax": ">=0.6.0",
        "xmlbuilder": "~11.0.0"
      }
    },
    "xmlbuilder": {
      "version": "11.0.1",
      "resolved": "https://mirrors.tencent.com/npm/xmlbuilder/-/xmlbuilder-11.0.1.tgz",
      "integrity": "sha512-fDlsI/kFEx7gLvbecc0/ohLG50fugQp8ryHzMTuW9vSa1GJ0XYWKnhsUx7oie3G98+r56aTQIUB4kht42R3JvA==",
      "dev": true
    },
    "xtend": {
      "version": "4.0.2",
      "resolved": "https://mirrors.tencent.com/npm/xtend/-/xtend-4.0.2.tgz",
      "integrity": "sha512-LKYU1iAXJXUgAXn9URjiu+MWhyUXHsvfp7mcuYm9dSUKK0/CjtrUwFAxD82/mCWbtLsGjFIad0wIsod4zrTAEQ==",
      "dev": true
    },
    "yallist": {
      "version": "2.1.2",
      "resolved": "https://mirrors.tencent.com/npm/yallist/-/yallist-2.1.2.tgz",
      "integrity": "sha1-HBH5IY8HYImkfdUS+TxmmaaoHVI=",
      "dev": true
    }
  }
}
